
Microsoft Visual Studio Solution File, Format Version 12.00
# Visual Studio Version 16
VisualStudioVersion = 16.0.32002.261
MinimumVisualStudioVersion = 10.0.40219.1
Project("{FAE04EC0-301F-11D3-BF4B-00C04F79EFBC}") = "Webtest", "Webtest\Webtest.csproj", "{BBF3A81A-435B-4B34-AB65-CC4B4F827295}"
EndProject
Global
	GlobalSection(SolutionConfigurationPlatforms) = preSolution
		Debug|Any CPU = Debug|Any CPU
		Release|Any CPU = Release|Any CPU
	EndGlobalSection
	GlobalSection(ProjectConfigurationPlatforms) = postSolution
		{BBF3A81A-435B-4B34-AB65-CC4B4F827295}.Debug|Any CPU.ActiveCfg = Debug|Any CPU
		{BBF3A81A-435B-4B34-AB65-CC4B4F827295}.Debug|Any CPU.Build.0 = Debug|Any CPU
		{BBF3A81A-435B-4B34-AB65-CC4B4F827295}.Release|Any CPU.ActiveCfg = Release|Any CPU
		{BBF3A81A-435B-4B34-AB65-CC4B4F827295}.Release|Any CPU.Build.0 = Release|Any CPU
	EndGlobalSection
	GlobalSection(SolutionProperties) = preSolution
		HideSolutionNode = FALSE
	EndGlobalSection
	GlobalSection(ExtensibilityGlobals) = postSolution
		SolutionGuid = {60EE5988-0B87-4D1C-94A6-1D19E0C8060E}
	EndGlobalSection
EndGlobal
